
Microsoft Visual Studio Solution File, Format Version 12.00
# Visual Studio Version 17
VisualStudioVersion = 17.4.33213.308
MinimumVisualStudioVersion = 10.0.40219.1
Project("{9A19103F-16F7-4668-BE54-9A1E7A4F7556}") = "FirstRazorPagesProject", "FirstRazorPagesProject\FirstRazorPagesProject.csproj", "{6E2046E6-0851-4ABE-9841-CDA591336A80}"
EndProject
Project("{9A19103F-16F7-4668-BE54-9A1E7A4F7556}") = "RazorPages.Models", "RazorPages.Models\RazorPages.Models.csproj", "{FFE356DB-4558-44BB-A213-6731739D73DD}"
EndProject
Project("{9A19103F-16F7-4668-BE54-9A1E7A4F7556}") = "RazorPages.Services", "RazorPages.Services\RazorPages.Services.csproj", "{2D4D4856-46B5-46F7-969F-2481938309DF}"
EndProject
Global
	GlobalSection(SolutionConfigurationPlatforms) = preSolution
		Debug|Any CPU = Debug|Any CPU
		Release|Any CPU = Release|Any CPU
	EndGlobalSection
	GlobalSection(ProjectConfigurationPlatforms) = postSolution
		{6E2046E6-0851-4ABE-9841-CDA591336A80}.Debug|Any CPU.ActiveCfg = Debug|Any CPU
		{6E2046E6-0851-4ABE-9841-CDA591336A80}.Debug|Any CPU.Build.0 = Debug|Any CPU
		{6E2046E6-0851-4ABE-9841-CDA591336A80}.Release|Any CPU.ActiveCfg = Release|Any CPU
		{6E2046E6-0851-4ABE-9841-CDA591336A80}.Release|Any CPU.Build.0 = Release|Any CPU
		{FFE356DB-4558-44BB-A213-6731739D73DD}.Debug|Any CPU.ActiveCfg = Debug|Any CPU
		{FFE356DB-4558-44BB-A213-6731739D73DD}.Debug|Any CPU.Build.0 = Debug|Any CPU
		{FFE356DB-4558-44BB-A213-6731739D73DD}.Release|Any CPU.ActiveCfg = Release|Any CPU
		{FFE356DB-4558-44BB-A213-6731739D73DD}.Release|Any CPU.Build.0 = Release|Any CPU
		{2D4D4856-46B5-46F7-969F-2481938309DF}.Debug|Any CPU.ActiveCfg = Debug|Any CPU
		{2D4D4856-46B5-46F7-969F-2481938309DF}.Debug|Any CPU.Build.0 = Debug|Any CPU
		{2D4D4856-46B5-46F7-969F-2481938309DF}.Release|Any CPU.ActiveCfg = Release|Any CPU
		{2D4D4856-46B5-46F7-969F-2481938309DF}.Release|Any CPU.Build.0 = Release|Any CPU
	EndGlobalSection
	GlobalSection(SolutionProperties) = preSolution
		HideSolutionNode = FALSE
	EndGlobalSection
	GlobalSection(ExtensibilityGlobals) = postSolution
		SolutionGuid = {78C709A9-CE0D-48BF-A9E8-179070EB77A2}
	EndGlobalSection
EndGlobal
